
Microsoft Visual Studio Solution File, Format Version 12.00
# Visual Studio 15
VisualStudioVersion = 15.0.28307.168
MinimumVisualStudioVersion = 10.0.40219.1
Project("{8BC9CEB8-8B4A-11D0-8D11-00A0C91BC942}") = "HandleHijackingDLL", "HandleHijackingDLL\HandleHijackingDLL.vcxproj", "{FA4A27D2-1F04-4DDA-A10C-D19640522328}"
EndProject
Project("{8BC9CEB8-8B4A-11D0-8D11-00A0C91BC942}") = "HandleHijackingMaster", "HandleHijackingMaster\HandleHijackingMaster.vcxproj", "{8B5D48FC-71B6-40DA-9415-64CF55DC29FF}"
EndProject
Project("{8BC9CEB8-8B4A-11D0-8D11-00A0C91BC942}") = "CheatHelper", "CheatHelper\CheatHelper.vcxproj", "{A080C117-D1DB-4671-8217-65496573BA4D}"
EndProject
Project("{8BC9CEB8-8B4A-11D0-8D11-00A0C91BC942}") = "DriverDisabler", "DriverDisabler\DriverDisabler.vcxproj", "{723D6B45-EEBA-4C09-8528-4373BAFF330A}"
EndProject
Project("{8BC9CEB8-8B4A-11D0-8D11-00A0C91BC942}") = "StealthHijackingNormalMaster", "StealthHijackingNormalMaster\StealthHijackingNormalMaster.vcxproj", "{F74258DB-52A4-4B60-8FBE-385091D35DCA}"
EndProject
Project("{8BC9CEB8-8B4A-11D0-8D11-00A0C91BC942}") = "StealthHijackingNormalDLL", "StealthHijackingNormalDLL\StealthHijackingNormalDLL.vcxproj", "{09373BE0-A33D-4D50-8148-E9DF5EF1ABCE}"
EndProject
Project("{8BC9CEB8-8B4A-11D0-8D11-00A0C91BC942}") = "DriverTester", "DriverTester\DriverTester.vcxproj", "{D3FF3C48-32D5-4B7A-83EA-22DFE29B5E11}"
EndProject
Project("{8BC9CEB8-8B4A-11D0-8D11-00A0C91BC942}") = "HandleElevationDriver", "HandleElevationDriver\HandleElevationDriver.vcxproj", "{97D0792B-4385-450B-9E85-79494037D730}"
EndProject
Project("{8BC9CEB8-8B4A-11D0-8D11-00A0C91BC942}") = "DriverHelper", "DriverHelper\DriverHelper.vcxproj", "{36244BA2-D910-4746-8ED2-7CFA55FB4DE9}"
EndProject
Project("{8BC9CEB8-8B4A-11D0-8D11-00A0C91BC942}") = "ExternalCheatDriver", "ExternalCheatDriver\ExternalCheatDriver.vcxproj", "{99F47B02-FAAF-4C0D-9D9B-DFAD35E1F38B}"
EndProject
Global
	GlobalSection(SolutionConfigurationPlatforms) = preSolution
		Debug|x64 = Debug|x64
		Debug|x86 = Debug|x86
		Release|x64 = Release|x64
		Release|x86 = Release|x86
	EndGlobalSection
	GlobalSection(ProjectConfigurationPlatforms) = postSolution
		{FA4A27D2-1F04-4DDA-A10C-D19640522328}.Debug|x64.ActiveCfg = Debug|x64
		{FA4A27D2-1F04-4DDA-A10C-D19640522328}.Debug|x64.Build.0 = Debug|x64
		{FA4A27D2-1F04-4DDA-A10C-D19640522328}.Debug|x86.ActiveCfg = Debug|Win32
		{FA4A27D2-1F04-4DDA-A10C-D19640522328}.Debug|x86.Build.0 = Debug|Win32
		{FA4A27D2-1F04-4DDA-A10C-D19640522328}.Release|x64.ActiveCfg = Release|x64
		{FA4A27D2-1F04-4DDA-A10C-D19640522328}.Release|x64.Build.0 = Release|x64
		{FA4A27D2-1F04-4DDA-A10C-D19640522328}.Release|x86.ActiveCfg = Release|Win32
		{FA4A27D2-1F04-4DDA-A10C-D19640522328}.Release|x86.Build.0 = Release|Win32
		{8B5D48FC-71B6-40DA-9415-64CF55DC29FF}.Debug|x64.ActiveCfg = Debug|x64
		{8B5D48FC-71B6-40DA-9415-64CF55DC29FF}.Debug|x64.Build.0 = Debug|x64
		{8B5D48FC-71B6-40DA-9415-64CF55DC29FF}.Debug|x86.ActiveCfg = Debug|Win32
		{8B5D48FC-71B6-40DA-9415-64CF55DC29FF}.Debug|x86.Build.0 = Debug|Win32
		{8B5D48FC-71B6-40DA-9415-64CF55DC29FF}.Release|x64.ActiveCfg = Release|x64
		{8B5D48FC-71B6-40DA-9415-64CF55DC29FF}.Release|x64.Build.0 = Release|x64
		{8B5D48FC-71B6-40DA-9415-64CF55DC29FF}.Release|x86.ActiveCfg = Release|Win32
		{8B5D48FC-71B6-40DA-9415-64CF55DC29FF}.Release|x86.Build.0 = Release|Win32
		{A080C117-D1DB-4671-8217-65496573BA4D}.Debug|x64.ActiveCfg = Debug|x64
		{A080C117-D1DB-4671-8217-65496573BA4D}.Debug|x64.Build.0 = Debug|x64
		{A080C117-D1DB-4671-8217-65496573BA4D}.Debug|x86.ActiveCfg = Debug|Win32
		{A080C117-D1DB-4671-8217-65496573BA4D}.Debug|x86.Build.0 = Debug|Win32
		{A080C117-D1DB-4671-8217-65496573BA4D}.Release|x64.ActiveCfg = Release|x64
		{A080C117-D1DB-4671-8217-65496573BA4D}.Release|x64.Build.0 = Release|x64
		{A080C117-D1DB-4671-8217-65496573BA4D}.Release|x86.ActiveCfg = Release|Win32
		{A080C117-D1DB-4671-8217-65496573BA4D}.Release|x86.Build.0 = Release|Win32
		{723D6B45-EEBA-4C09-8528-4373BAFF330A}.Debug|x64.ActiveCfg = Debug|x64
		{723D6B45-EEBA-4C09-8528-4373BAFF330A}.Debug|x64.Build.0 = Debug|x64
		{723D6B45-EEBA-4C09-8528-4373BAFF330A}.Debug|x86.ActiveCfg = Debug|Win32
		{723D6B45-EEBA-4C09-8528-4373BAFF330A}.Debug|x86.Build.0 = Debug|Win32
		{723D6B45-EEBA-4C09-8528-4373BAFF330A}.Release|x64.ActiveCfg = Release|x64
		{723D6B45-EEBA-4C09-8528-4373BAFF330A}.Release|x64.Build.0 = Release|x64
		{723D6B45-EEBA-4C09-8528-4373BAFF330A}.Release|x86.ActiveCfg = Release|Win32
		{723D6B45-EEBA-4C09-8528-4373BAFF330A}.Release|x86.Build.0 = Release|Win32
		{F74258DB-52A4-4B60-8FBE-385091D35DCA}.Debug|x64.ActiveCfg = Debug|x64
		{F74258DB-52A4-4B60-8FBE-385091D35DCA}.Debug|x64.Build.0 = Debug|x64
		{F74258DB-52A4-4B60-8FBE-385091D35DCA}.Debug|x86.ActiveCfg = Debug|Win32
		{F74258DB-52A4-4B60-8FBE-385091D35DCA}.Debug|x86.Build.0 = Debug|Win32
		{F74258DB-52A4-4B60-8FBE-385091D35DCA}.Release|x64.ActiveCfg = Release|x64
		{F74258DB-52A4-4B60-8FBE-385091D35DCA}.Release|x64.Build.0 = Release|x64
		{F74258DB-52A4-4B60-8FBE-385091D35DCA}.Release|x86.ActiveCfg = Release|Win32
		{F74258DB-52A4-4B60-8FBE-385091D35DCA}.Release|x86.Build.0 = Release|Win32
		{09373BE0-A33D-4D50-8148-E9DF5EF1ABCE}.Debug|x64.ActiveCfg = Debug|x64
		{09373BE0-A33D-4D50-8148-E9DF5EF1ABCE}.Debug|x64.Build.0 = Debug|x64
		{09373BE0-A33D-4D50-8148-E9DF5EF1ABCE}.Debug|x86.ActiveCfg = Debug|Win32
		{09373BE0-A33D-4D50-8148-E9DF5EF1ABCE}.Debug|x86.Build.0 = Debug|Win32
		{09373BE0-A33D-4D50-8148-E9DF5EF1ABCE}.Release|x64.ActiveCfg = Release|x64
		{09373BE0-A33D-4D50-8148-E9DF5EF1ABCE}.Release|x64.Build.0 = Release|x64
		{09373BE0-A33D-4D50-8148-E9DF5EF1ABCE}.Release|x86.ActiveCfg = Release|Win32
		{09373BE0-A33D-4D50-8148-E9DF5EF1ABCE}.Release|x86.Build.0 = Release|Win32
		{D3FF3C48-32D5-4B7A-83EA-22DFE29B5E11}.Debug|x64.ActiveCfg = Debug|x64
		{D3FF3C48-32D5-4B7A-83EA-22DFE29B5E11}.Debug|x64.Build.0 = Debug|x64
		{D3FF3C48-32D5-4B7A-83EA-22DFE29B5E11}.Debug|x86.ActiveCfg = Debug|Win32
		{D3FF3C48-32D5-4B7A-83EA-22DFE29B5E11}.Debug|x86.Build.0 = Debug|Win32
		{D3FF3C48-32D5-4B7A-83EA-22DFE29B5E11}.Release|x64.ActiveCfg = Release|x64
		{D3FF3C48-32D5-4B7A-83EA-22DFE29B5E11}.Release|x64.Build.0 = Release|x64
		{D3FF3C48-32D5-4B7A-83EA-22DFE29B5E11}.Release|x86.ActiveCfg = Release|Win32
		{D3FF3C48-32D5-4B7A-83EA-22DFE29B5E11}.Release|x86.Build.0 = Release|Win32
		{97D0792B-4385-450B-9E85-79494037D730}.Debug|x64.ActiveCfg = Debug|x64
		{97D0792B-4385-450B-9E85-79494037D730}.Debug|x64.Build.0 = Debug|x64
		{97D0792B-4385-450B-9E85-79494037D730}.Debug|x86.ActiveCfg = Debug|Win32
		{97D0792B-4385-450B-9E85-79494037D730}.Debug|x86.Build.0 = Debug|Win32
		{97D0792B-4385-450B-9E85-79494037D730}.Release|x64.ActiveCfg = Release|x64
		{97D0792B-4385-450B-9E85-79494037D730}.Release|x64.Build.0 = Release|x64
		{97D0792B-4385-450B-9E85-79494037D730}.Release|x86.ActiveCfg = Release|Win32
		{97D0792B-4385-450B-9E85-79494037D730}.Release|x86.Build.0 = Release|Win32
		{36244BA2-D910-4746-8ED2-7CFA55FB4DE9}.Debug|x64.ActiveCfg = Debug|x64
		{36244BA2-D910-4746-8ED2-7CFA55FB4DE9}.Debug|x64.Build.0 = Debug|x64
		{36244BA2-D910-4746-8ED2-7CFA55FB4DE9}.Debug|x86.ActiveCfg = Debug|Win32
		{36244BA2-D910-4746-8ED2-7CFA55FB4DE9}.Debug|x86.Build.0 = Debug|Win32
		{36244BA2-D910-4746-8ED2-7CFA55FB4DE9}.Release|x64.ActiveCfg = Release|x64
		{36244BA2-D910-4746-8ED2-7CFA55FB4DE9}.Release|x64.Build.0 = Release|x64
		{36244BA2-D910-4746-8ED2-7CFA55FB4DE9}.Release|x86.ActiveCfg = Release|Win32
		{36244BA2-D910-4746-8ED2-7CFA55FB4DE9}.Release|x86.Build.0 = Release|Win32
		{99F47B02-FAAF-4C0D-9D9B-DFAD35E1F38B}.Debug|x64.ActiveCfg = Debug|x64
		{99F47B02-FAAF-4C0D-9D9B-DFAD35E1F38B}.Debug|x64.Build.0 = Debug|x64
		{99F47B02-FAAF-4C0D-9D9B-DFAD35E1F38B}.Debug|x86.ActiveCfg = Debug|Win32
		{99F47B02-FAAF-4C0D-9D9B-DFAD35E1F38B}.Debug|x86.Build.0 = Debug|Win32
		{99F47B02-FAAF-4C0D-9D9B-DFAD35E1F38B}.Release|x64.ActiveCfg = Release|x64
		{99F47B02-FAAF-4C0D-9D9B-DFAD35E1F38B}.Release|x64.Build.0 = Release|x64
		{99F47B02-FAAF-4C0D-9D9B-DFAD35E1F38B}.Release|x86.ActiveCfg = Release|Win32
		{99F47B02-FAAF-4C0D-9D9B-DFAD35E1F38B}.Release|x86.Build.0 = Release|Win32
	EndGlobalSection
	GlobalSection(SolutionProperties) = preSolution
		HideSolutionNode = FALSE
	EndGlobalSection
	GlobalSection(ExtensibilityGlobals) = postSolution
		SolutionGuid = {4B354B9C-B814-457A-8FF5-722BFE9C944E}
	EndGlobalSection
EndGlobal
